{
  "version": 4,
  "terraform_version": "1.11.4",
  "serial": 36,
  "lineage": "a6cb68d2-d23f-8fb6-c7a9-88e10a3a51d3",
  "outputs": {},
  "resources": [
    {
      "mode": "managed",
      "type": "google_container_cluster",
      "name": "mlops_cluster",
      "provider": "provider[\"registry.terraform.io/hashicorp/google\"]",
      "instances": [
        {
          "schema_version": 2,
          "attributes": {
            "addons_config": [
              {
                "cloudrun_config": [],
                "config_connector_config": [],
                "dns_cache_config": [],
                "gce_persistent_disk_csi_driver_config": [
                  {
                    "enabled": true
                  }
                ],
                "gcp_filestore_csi_driver_config": [],
                "gcs_fuse_csi_driver_config": [],
                "gke_backup_agent_config": [],
                "horizontal_pod_autoscaling": [],
                "http_load_balancing": [],
                "network_policy_config": [
                  {
                    "disabled": true
                  }
                ],
                "ray_operator_config": [],
                "stateful_ha_config": []
              }
            ],
            "allow_net_admin": null,
            "authenticator_groups_config": [],
            "binary_authorization": [
              {
                "enabled": false,
                "evaluation_mode": ""
              }
            ],
            "cluster_autoscaling": [
              {
                "auto_provisioning_defaults": [],
                "auto_provisioning_locations": [],
                "autoscaling_profile": "BALANCED",
                "enabled": false,
                "resource_limits": []
              }
            ],
            "cluster_ipv4_cidr": "10.92.0.0/14",
            "confidential_nodes": [],
            "cost_management_config": [],
            "database_encryption": [
              {
                "key_name": "",
                "state": "DECRYPTED"
              }
            ],
            "datapath_provider": "",
            "default_max_pods_per_node": 110,
            "default_snat_status": [
              {
                "disabled": false
              }
            ],
            "deletion_protection": false,
            "description": "",
            "dns_config": [],
            "enable_autopilot": false,
            "enable_cilium_clusterwide_network_policy": false,
            "enable_intranode_visibility": false,
            "enable_k8s_beta_apis": [],
            "enable_kubernetes_alpha": false,
            "enable_l4_ilb_subsetting": false,
            "enable_legacy_abac": false,
            "enable_multi_networking": false,
            "enable_shielded_nodes": true,
            "enable_tpu": false,
            "endpoint": "35.188.101.158",
            "fleet": [],
            "gateway_api_config": [],
            "id": "projects/mle-course-454508/locations/us-central1/clusters/mlops-cluster",
            "identity_service_config": [],
            "initial_node_count": 1,
            "ip_allocation_policy": [
              {
                "additional_pod_ranges_config": [],
                "cluster_ipv4_cidr_block": "10.92.0.0/14",
                "cluster_secondary_range_name": "gke-mlops-cluster-pods-c666975e",
                "pod_cidr_overprovision_config": [
                  {
                    "disabled": false
                  }
                ],
                "services_ipv4_cidr_block": "34.118.224.0/20",
                "services_secondary_range_name": "",
                "stack_type": "IPV4"
              }
            ],
            "label_fingerprint": "a9dc16a7",
            "location": "us-central1",
            "logging_config": [
              {
                "enable_components": [
                  "SYSTEM_COMPONENTS",
                  "WORKLOADS"
                ]
              }
            ],
            "logging_service": "logging.googleapis.com/kubernetes",
            "maintenance_policy": [],
            "master_auth": [
              {
                "client_certificate": "",
                "client_certificate_config": [
                  {
                    "issue_client_certificate": false
                  }
                ],
                "client_key": "",
                "cluster_ca_certificate": "LS0tLS1CRUdJTiBDRVJUSUZJQ0FURS0tLS0tCk1JSUVMRENDQXBTZ0F3SUJBZ0lRRVVoNmdyZlNCS1B1TDI2b3YyNHk3akFOQmdrcWhraUc5dzBCQVFzRkFEQXYKTVMwd0t3WURWUVFERXlSak0yUXhZakZqWlMwM01Ea3dMVFJrTm1ZdFlqSmtNUzAyWm1SaU5tWmtOVEV5TTJZdwpJQmNOTWpVd05qQXpNVEkxTlRVNVdoZ1BNakExTlRBMU1qY3hNelUxTlRsYU1DOHhMVEFyQmdOVkJBTVRKR016ClpERmlNV05sTFRjd09UQXROR1EyWmkxaU1tUXhMVFptWkdJMlptUTFNVEl6WmpDQ0FhSXdEUVlKS29aSWh2Y04KQVFFQkJRQURnZ0dQQURDQ0FZb0NnZ0dCQUtQVi9TUUpLT0JpTDFsSW5DMnhtVzQzZzhmTXNnVkdpb1RJYXRaNQo4TXgybTBtNitXZEJSKzFDaCtvQUUxcGdEaWZEckYwU2tOdlJMVWFXdVpxMm9yakw5aUJ6OTg4Nm1YcTdwYm90CnF3dUYzT1J0ZENQbkVGZjUzZUFVZWRsRlhQMGlIeDlVUi9oRkQ0ZFE5ZkYyc3ZDM2hxcWd0Z1NaTkFsWGFabFEKa1Q2SXpHQTJLRzI1MG9IWEprektheFlPemc1N0V4UFdsTDZjbFVTcm5qc2NqVnRPTzBleEZXc01SN1B3QUFIUQp2eEhGREJxb3BCQWRtazVqS0FBOWY0NlFLNGRrSWEweHpPQ013cTN5Um5GbFpRelFsbE1uSHpQYTRvYldlUlg5CldCWmJjUFg3ZVpZRjlUZDg5UWFVdnlNTkVKQmNvdXFLTnBmRWNnUGdvNjRybm1ROHpJOXNidHJDMTlMd2VEL0oKUjczZDNFNHlPdTJwcDg3MnZVS2dzK2prOWp0dTF3TDVXY2QyTFhxbDlhMlB3dDVxUFVBOVJGbHNOTlRvMlBGQgpaTDUrendMOTNNQ3VrYjR5aHZVZ01FTjZXeFVSY2xPR1U5QnBSQnNWWUhjaFpZdEdRdGRwdHJHYjFaN3laMURLCnA2RXZqbUxTT0YwWEJYRkovTWROMmM3TXZ3SURBUUFCbzBJd1FEQU9CZ05WSFE4QkFmOEVCQU1DQWdRd0R3WUQKVlIwVEFRSC9CQVV3QXdFQi96QWRCZ05WSFE0RUZnUVVIeTZ3cEdyUUF3TVpCTmFzVllJdEFZQlg5dDR3RFFZSgpLb1pJaHZjTkFRRUxCUUFEZ2dHQkFIaFJ2cjd5UGdTd1hOQnhPenVNRTJ4b2RSbUJUbDRiYWdVS2kwYnR0ZHZVCkc4Y1lwdE8yekpvMlBtVkpVS05EaVBWcnloYTRPcVBNNDllNTd2RkxEaS9ZZi92V09tUVlDanFyU1ZPOC9kQ1IKbk52bWVlRkRQczdvL08yM1k5VHlaaEtyc253UndNYURsa282OGoxSlZROFpOK0xnSEJkY1Q4V0V6TGhtK25DVwpzV1lsbStTMDFIMzZOSUc1UkhTbkpRU0hXV2ZRcnZqL0FsSVUvQnROK3pXOXZPWk5GZHdpQ25pY0hoWVVNREJLCnZrYko3K2E0OHN0VlZ3L0d1VHhGcDU5Nit0cW5Na1VuSCtzZmc1UGtndk9IR2xXUE5yeG5nbkZZV0s0Uk85RU0Kakd6eUUzTUNNUDJudjhYRmt2dnI3czMveUFtbmR5UldwNWZ3T1l0K0xSZjJEbWxNcXJqSXJWZER2cmhic1ZDZwpQRDVmbkRsbUo0ampubTROV2MxcXhqaFNTTUlPZ2I1TWFPUkcwdjNyWktkY1MrYUEyZG8zcWY5MlI3dnRKMlBPCllZcHZnR2c3VWNjNEthYjhsdmR4aW44REtSQUV3QW1LSVJiQWFnWkx3WFB2aWVhVzdWQTYxQ3pTMzdFdkxyelEKbUx4eTF3RWRMb0FmbzdTTGFVS0NNZz09Ci0tLS0tRU5EIENFUlRJRklDQVRFLS0tLS0K"
              }
            ],
            "master_authorized_networks_config": [],
            "master_version": "1.32.4-gke.1106006",
            "mesh_certificates": [],
            "min_master_version": null,
            "monitoring_config": [
              {
                "advanced_datapath_observability_config": [
                  {
                    "enable_metrics": false,
                    "enable_relay": false,
                    "relay_mode": "DISABLED"
                  }
                ],
                "enable_components": [
                  "SYSTEM_COMPONENTS",
                  "JOBSET",
                  "STORAGE",
                  "HPA",
                  "POD",
                  "DAEMONSET",
                  "DEPLOYMENT",
                  "STATEFULSET",
                  "CADVISOR",
                  "KUBELET",
                  "DCGM"
                ],
                "managed_prometheus": [
                  {
                    "enabled": true
                  }
                ]
              }
            ],
            "monitoring_service": "monitoring.googleapis.com/kubernetes",
            "name": "mlops-cluster",
            "network": "projects/mle-course-454508/global/networks/default",
            "network_policy": [
              {
                "enabled": false,
                "provider": "PROVIDER_UNSPECIFIED"
              }
            ],
            "networking_mode": "VPC_NATIVE",
            "node_config": [
              {
                "advanced_machine_features": [],
                "boot_disk_kms_key": "",
                "confidential_nodes": [],
                "containerd_config": [],
                "disk_size_gb": 30,
                "disk_type": "pd-balanced",
                "effective_taints": [],
                "enable_confidential_storage": false,
                "ephemeral_storage_local_ssd_config": [],
                "fast_socket": [],
                "gcfs_config": [],
                "guest_accelerator": [],
                "gvnic": [],
                "host_maintenance_policy": [],
                "image_type": "COS_CONTAINERD",
                "kubelet_config": [
                  {
                    "cpu_cfs_quota": false,
                    "cpu_cfs_quota_period": "",
                    "cpu_manager_policy": "",
                    "insecure_kubelet_readonly_port_enabled": "FALSE",
                    "pod_pids_limit": 0
                  }
                ],
                "labels": {},
                "linux_node_config": [],
                "local_nvme_ssd_block_config": [],
                "local_ssd_count": 0,
                "logging_variant": "DEFAULT",
                "machine_type": "e2-medium",
                "metadata": {
                  "disable-legacy-endpoints": "true"
                },
                "min_cpu_platform": "",
                "node_group": "",
                "oauth_scopes": [
                  "https://www.googleapis.com/auth/cloud-platform"
                ],
                "preemptible": false,
                "reservation_affinity": [],
                "resource_labels": {
                  "goog-gke-node-pool-provisioning-model": "on-demand"
                },
                "resource_manager_tags": {},
                "secondary_boot_disks": [],
                "service_account": "default",
                "shielded_instance_config": [
                  {
                    "enable_integrity_monitoring": true,
                    "enable_secure_boot": false
                  }
                ],
                "sole_tenant_config": [],
                "spot": false,
                "tags": [],
                "taint": [],
                "workload_metadata_config": []
              }
            ],
            "node_locations": [
              "us-central1-a",
              "us-central1-b",
              "us-central1-f"
            ],
            "node_pool": [
              {
                "autoscaling": [],
                "initial_node_count": 1,
                "instance_group_urls": [
                  "https://www.googleapis.com/compute/v1/projects/mle-course-454508/zones/us-central1-a/instanceGroupManagers/gke-mlops-cluster-primary-node-pool-8be1e729-grp",
                  "https://www.googleapis.com/compute/v1/projects/mle-course-454508/zones/us-central1-b/instanceGroupManagers/gke-mlops-cluster-primary-node-pool-88fae307-grp",
                  "https://www.googleapis.com/compute/v1/projects/mle-course-454508/zones/us-central1-f/instanceGroupManagers/gke-mlops-cluster-primary-node-pool-4f7a0dae-grp"
                ],
                "managed_instance_group_urls": [
                  "https://www.googleapis.com/compute/v1/projects/mle-course-454508/zones/us-central1-a/instanceGroups/gke-mlops-cluster-primary-node-pool-8be1e729-grp",
                  "https://www.googleapis.com/compute/v1/projects/mle-course-454508/zones/us-central1-b/instanceGroups/gke-mlops-cluster-primary-node-pool-88fae307-grp",
                  "https://www.googleapis.com/compute/v1/projects/mle-course-454508/zones/us-central1-f/instanceGroups/gke-mlops-cluster-primary-node-pool-4f7a0dae-grp"
                ],
                "management": [
                  {
                    "auto_repair": true,
                    "auto_upgrade": true
                  }
                ],
                "max_pods_per_node": 110,
                "name": "primary-node-pool",
                "name_prefix": "",
                "network_config": [
                  {
                    "additional_node_network_configs": [],
                    "additional_pod_network_configs": [],
                    "create_pod_range": false,
                    "enable_private_nodes": false,
                    "network_performance_config": [],
                    "pod_cidr_overprovision_config": [],
                    "pod_ipv4_cidr_block": "10.92.0.0/14",
                    "pod_range": "gke-mlops-cluster-pods-c666975e"
                  }
                ],
                "node_config": [
                  {
                    "advanced_machine_features": [],
                    "boot_disk_kms_key": "",
                    "confidential_nodes": [],
                    "containerd_config": [],
                    "disk_size_gb": 30,
                    "disk_type": "pd-balanced",
                    "effective_taints": [],
                    "enable_confidential_storage": false,
                    "ephemeral_storage_local_ssd_config": [],
                    "fast_socket": [],
                    "gcfs_config": [],
                    "guest_accelerator": [],
                    "gvnic": [],
                    "host_maintenance_policy": [],
                    "image_type": "COS_CONTAINERD",
                    "kubelet_config": [
                      {
                        "cpu_cfs_quota": false,
                        "cpu_cfs_quota_period": "",
                        "cpu_manager_policy": "",
                        "insecure_kubelet_readonly_port_enabled": "FALSE",
                        "pod_pids_limit": 0
                      }
                    ],
                    "labels": {},
                    "linux_node_config": [],
                    "local_nvme_ssd_block_config": [],
                    "local_ssd_count": 0,
                    "logging_variant": "DEFAULT",
                    "machine_type": "e2-medium",
                    "metadata": {
                      "disable-legacy-endpoints": "true"
                    },
                    "min_cpu_platform": "",
                    "node_group": "",
                    "oauth_scopes": [
                      "https://www.googleapis.com/auth/cloud-platform"
                    ],
                    "preemptible": false,
                    "reservation_affinity": [],
                    "resource_labels": {
                      "goog-gke-node-pool-provisioning-model": "on-demand"
                    },
                    "resource_manager_tags": {},
                    "secondary_boot_disks": [],
                    "service_account": "default",
                    "shielded_instance_config": [
                      {
                        "enable_integrity_monitoring": true,
                        "enable_secure_boot": false
                      }
                    ],
                    "sole_tenant_config": [],
                    "spot": false,
                    "tags": [],
                    "taint": [],
                    "workload_metadata_config": []
                  }
                ],
                "node_count": 1,
                "node_locations": [
                  "us-central1-a",
                  "us-central1-b",
                  "us-central1-f"
                ],
                "placement_policy": [],
                "queued_provisioning": [],
                "upgrade_settings": [
                  {
                    "blue_green_settings": [],
                    "max_surge": 1,
                    "max_unavailable": 0,
                    "strategy": "SURGE"
                  }
                ],
                "version": "1.32.4-gke.1106006"
              }
            ],
            "node_pool_auto_config": [
              {
                "network_tags": [],
                "node_kubelet_config": [
                  {
                    "insecure_kubelet_readonly_port_enabled": "FALSE"
                  }
                ],
                "resource_manager_tags": {}
              }
            ],
            "node_pool_defaults": [
              {
                "node_config_defaults": [
                  {
                    "containerd_config": [],
                    "insecure_kubelet_readonly_port_enabled": "FALSE",
                    "logging_variant": "DEFAULT"
                  }
                ]
              }
            ],
            "node_version": "1.32.4-gke.1106006",
            "notification_config": [
              {
                "pubsub": [
                  {
                    "enabled": false,
                    "filter": [],
                    "topic": ""
                  }
                ]
              }
            ],
            "operation": null,
            "private_cluster_config": [
              {
                "enable_private_endpoint": false,
                "enable_private_nodes": false,
                "master_global_access_config": [
                  {
                    "enabled": false
                  }
                ],
                "master_ipv4_cidr_block": "",
                "peering_name": "",
                "private_endpoint": "10.128.0.12",
                "private_endpoint_subnetwork": "",
                "public_endpoint": "35.188.101.158"
              }
            ],
            "private_ipv6_google_access": "",
            "project": "mle-course-454508",
            "release_channel": [
              {
                "channel": "REGULAR"
              }
            ],
            "remove_default_node_pool": true,
            "resource_labels": {},
            "resource_usage_export_config": [],
            "security_posture_config": [
              {
                "mode": "BASIC",
                "vulnerability_mode": "VULNERABILITY_MODE_UNSPECIFIED"
              }
            ],
            "self_link": "https://container.googleapis.com/v1/projects/mle-course-454508/locations/us-central1/clusters/mlops-cluster",
            "service_external_ips_config": [
              {
                "enabled": false
              }
            ],
            "services_ipv4_cidr": "34.118.224.0/20",
            "subnetwork": "projects/mle-course-454508/regions/us-central1/subnetworks/default",
            "timeouts": null,
            "tpu_ipv4_cidr_block": "",
            "vertical_pod_autoscaling": [],
            "workload_identity_config": []
          },
          "sensitive_attributes": [
            [
              {
                "type": "get_attr",
                "value": "master_auth"
              },
              {
                "type": "index",
                "value": {
                  "value": 0,
                  "type": "number"
                }
              },
              {
                "type": "get_attr",
                "value": "client_key"
              }
            ]
          ],
          "private": "eyJlMmJmYjczMC1lY2FhLTExZTYtOGY4OC0zNDM2M2JjN2M0YzAiOnsiY3JlYXRlIjoyNDAwMDAwMDAwMDAwLCJkZWxldGUiOjI0MDAwMDAwMDAwMDAsInJlYWQiOjI0MDAwMDAwMDAwMDAsInVwZGF0ZSI6MzYwMDAwMDAwMDAwMH0sInNjaGVtYV92ZXJzaW9uIjoiMiJ9"
        }
      ]
    }
  ],
  "check_results": null
}
